
Microsoft Visual Studio Solution File, Format Version 12.00
# Visual Studio Version 17
VisualStudioVersion = 17.3.32922.545
MinimumVisualStudioVersion = 10.0.40219.1
Project("{FAE04EC0-301F-11D3-BF4B-00C04F79EFBC}") = "CesarCipher", "CesarCipher\CesarCipher.csproj", "{9A6F67FC-CD32-4F0A-880E-397C4FBAB234}"
EndProject
Global
	GlobalSection(SolutionConfigurationPlatforms) = preSolution
		Debug|Any CPU = Debug|Any CPU
		Release|Any CPU = Release|Any CPU
	EndGlobalSection
	GlobalSection(ProjectConfigurationPlatforms) = postSolution
		{9A6F67FC-CD32-4F0A-880E-397C4FBAB234}.Debug|Any CPU.ActiveCfg = Debug|Any CPU
		{9A6F67FC-CD32-4F0A-880E-397C4FBAB234}.Debug|Any CPU.Build.0 = Debug|Any CPU
		{9A6F67FC-CD32-4F0A-880E-397C4FBAB234}.Release|Any CPU.ActiveCfg = Release|Any CPU
		{9A6F67FC-CD32-4F0A-880E-397C4FBAB234}.Release|Any CPU.Build.0 = Release|Any CPU
	EndGlobalSection
	GlobalSection(SolutionProperties) = preSolution
		HideSolutionNode = FALSE
	EndGlobalSection
	GlobalSection(ExtensibilityGlobals) = postSolution
		SolutionGuid = {15831FB6-C775-4E39-BFAD-0D400281E640}
	EndGlobalSection
EndGlobal
